
Microsoft Visual Studio Solution File, Format Version 12.00
# Visual Studio Version 16
VisualStudioVersion = 16.0.31624.102
MinimumVisualStudioVersion = 10.0.40219.1
Project("{FAE04EC0-301F-11D3-BF4B-00C04F79EFBC}") = "edlink-n8", "edlink-n8\edlink-n8.csproj", "{B21951D4-BDBB-4015-8905-9CEE2D6438D6}"
EndProject
Global
	GlobalSection(SolutionConfigurationPlatforms) = preSolution
		Debug|Any CPU = Debug|Any CPU
		Release|Any CPU = Release|Any CPU
	EndGlobalSection
	GlobalSection(ProjectConfigurationPlatforms) = postSolution
		{B21951D4-BDBB-4015-8905-9CEE2D6438D6}.Debug|Any CPU.ActiveCfg = Debug|Any CPU
		{B21951D4-BDBB-4015-8905-9CEE2D6438D6}.Debug|Any CPU.Build.0 = Debug|Any CPU
		{B21951D4-BDBB-4015-8905-9CEE2D6438D6}.Release|Any CPU.ActiveCfg = Release|Any CPU
		{B21951D4-BDBB-4015-8905-9CEE2D6438D6}.Release|Any CPU.Build.0 = Release|Any CPU
	EndGlobalSection
	GlobalSection(SolutionProperties) = preSolution
		HideSolutionNode = FALSE
	EndGlobalSection
	GlobalSection(ExtensibilityGlobals) = postSolution
		SolutionGuid = {8EE5EBA2-1C6A-405E-AFFB-0E750FCD1604}
	EndGlobalSection
EndGlobal
